
Microsoft Visual Studio Solution File, Format Version 12.00
# Visual Studio Version 16
VisualStudioVersion = 16.0.30523.141
MinimumVisualStudioVersion = 10.0.40219.1
Project("{FAE04EC0-301F-11D3-BF4B-00C04F79EFBC}") = "SearchImproving", "SearchImproving.csproj", "{A0D9DA93-311F-4B28-A1E6-1D0C3324E414}"
EndProject
Global
	GlobalSection(SolutionConfigurationPlatforms) = preSolution
		Debug|Any CPU = Debug|Any CPU
		Release|Any CPU = Release|Any CPU
	EndGlobalSection
	GlobalSection(ProjectConfigurationPlatforms) = postSolution
		{A0D9DA93-311F-4B28-A1E6-1D0C3324E414}.Debug|Any CPU.ActiveCfg = Debug|Any CPU
		{A0D9DA93-311F-4B28-A1E6-1D0C3324E414}.Debug|Any CPU.Build.0 = Debug|Any CPU
		{A0D9DA93-311F-4B28-A1E6-1D0C3324E414}.Release|Any CPU.ActiveCfg = Release|Any CPU
		{A0D9DA93-311F-4B28-A1E6-1D0C3324E414}.Release|Any CPU.Build.0 = Release|Any CPU
	EndGlobalSection
	GlobalSection(SolutionProperties) = preSolution
		HideSolutionNode = FALSE
	EndGlobalSection
	GlobalSection(ExtensibilityGlobals) = postSolution
		SolutionGuid = {F155F237-B403-4340-8324-F8BF92D920C6}
	EndGlobalSection
EndGlobal
